
Microsoft Visual Studio Solution File, Format Version 12.00
# Visual Studio Version 17
VisualStudioVersion = 17.1.32421.90
MinimumVisualStudioVersion = 10.0.40219.1
Project("{FAE04EC0-301F-11D3-BF4B-00C04F79EFBC}") = "Proyecto1WindowsFormsCalculadora", "Proyecto1WindowsFormsCalculadora\Proyecto1WindowsFormsCalculadora.csproj", "{DBE87C86-50B7-4104-B90A-A5769F7AA7CA}"
EndProject
Global
	GlobalSection(SolutionConfigurationPlatforms) = preSolution
		Debug|Any CPU = Debug|Any CPU
		Release|Any CPU = Release|Any CPU
	EndGlobalSection
	GlobalSection(ProjectConfigurationPlatforms) = postSolution
		{DBE87C86-50B7-4104-B90A-A5769F7AA7CA}.Debug|Any CPU.ActiveCfg = Debug|Any CPU
		{DBE87C86-50B7-4104-B90A-A5769F7AA7CA}.Debug|Any CPU.Build.0 = Debug|Any CPU
		{DBE87C86-50B7-4104-B90A-A5769F7AA7CA}.Release|Any CPU.ActiveCfg = Release|Any CPU
		{DBE87C86-50B7-4104-B90A-A5769F7AA7CA}.Release|Any CPU.Build.0 = Release|Any CPU
	EndGlobalSection
	GlobalSection(SolutionProperties) = preSolution
		HideSolutionNode = FALSE
	EndGlobalSection
	GlobalSection(ExtensibilityGlobals) = postSolution
		SolutionGuid = {249D4705-1D40-4C7C-8007-46E3566EC565}
	EndGlobalSection
EndGlobal
